
Microsoft Visual Studio Solution File, Format Version 12.00
# Visual Studio Version 16
VisualStudioVersion = 16.0.30114.105
MinimumVisualStudioVersion = 10.0.40219.1
Project("{9A19103F-16F7-4668-BE54-9A1E7A4F7556}") = "BlazorServer", "BlazorServer\BlazorServer.csproj", "{64EAA14C-398C-4B8B-93B7-B53678B7C5F2}"
EndProject
Project("{9A19103F-16F7-4668-BE54-9A1E7A4F7556}") = "EmployeeManagement.Api", "EmployeeManagement.Api\EmployeeManagement.Api.csproj", "{D46E50F5-D759-459D-9BFC-08049B96654B}"
EndProject
Project("{9A19103F-16F7-4668-BE54-9A1E7A4F7556}") = "EmployeeManagement.Models", "EmployeeManagement.Models\EmployeeManagement.Models.csproj", "{61DAE10A-8B6C-4FA9-A873-F2E2EF6C0EBF}"
EndProject
Project("{9A19103F-16F7-4668-BE54-9A1E7A4F7556}") = "BlazorWebAssembly", "BlazorWebAssembly\BlazorWebAssembly.csproj", "{C4BDEBA2-ECC3-43FC-987F-9AA328CCCBDE}"
EndProject
Global
	GlobalSection(SolutionConfigurationPlatforms) = preSolution
		Debug|Any CPU = Debug|Any CPU
		Release|Any CPU = Release|Any CPU
	EndGlobalSection
	GlobalSection(ProjectConfigurationPlatforms) = postSolution
		{64EAA14C-398C-4B8B-93B7-B53678B7C5F2}.Debug|Any CPU.ActiveCfg = Debug|Any CPU
		{64EAA14C-398C-4B8B-93B7-B53678B7C5F2}.Debug|Any CPU.Build.0 = Debug|Any CPU
		{64EAA14C-398C-4B8B-93B7-B53678B7C5F2}.Release|Any CPU.ActiveCfg = Release|Any CPU
		{64EAA14C-398C-4B8B-93B7-B53678B7C5F2}.Release|Any CPU.Build.0 = Release|Any CPU
		{D46E50F5-D759-459D-9BFC-08049B96654B}.Debug|Any CPU.ActiveCfg = Debug|Any CPU
		{D46E50F5-D759-459D-9BFC-08049B96654B}.Debug|Any CPU.Build.0 = Debug|Any CPU
		{D46E50F5-D759-459D-9BFC-08049B96654B}.Release|Any CPU.ActiveCfg = Release|Any CPU
		{D46E50F5-D759-459D-9BFC-08049B96654B}.Release|Any CPU.Build.0 = Release|Any CPU
		{61DAE10A-8B6C-4FA9-A873-F2E2EF6C0EBF}.Debug|Any CPU.ActiveCfg = Debug|Any CPU
		{61DAE10A-8B6C-4FA9-A873-F2E2EF6C0EBF}.Debug|Any CPU.Build.0 = Debug|Any CPU
		{61DAE10A-8B6C-4FA9-A873-F2E2EF6C0EBF}.Release|Any CPU.ActiveCfg = Release|Any CPU
		{61DAE10A-8B6C-4FA9-A873-F2E2EF6C0EBF}.Release|Any CPU.Build.0 = Release|Any CPU
		{C4BDEBA2-ECC3-43FC-987F-9AA328CCCBDE}.Debug|Any CPU.ActiveCfg = Debug|Any CPU
		{C4BDEBA2-ECC3-43FC-987F-9AA328CCCBDE}.Debug|Any CPU.Build.0 = Debug|Any CPU
		{C4BDEBA2-ECC3-43FC-987F-9AA328CCCBDE}.Release|Any CPU.ActiveCfg = Release|Any CPU
		{C4BDEBA2-ECC3-43FC-987F-9AA328CCCBDE}.Release|Any CPU.Build.0 = Release|Any CPU
	EndGlobalSection
	GlobalSection(SolutionProperties) = preSolution
		HideSolutionNode = FALSE
	EndGlobalSection
	GlobalSection(ExtensibilityGlobals) = postSolution
		SolutionGuid = {772BAFD6-6440-4791-BAB5-999ACEC5123B}
	EndGlobalSection
EndGlobal
